
Microsoft Visual Studio Solution File, Format Version 12.00
# Visual Studio 15
VisualStudioVersion = 15.0.27130.2027
MinimumVisualStudioVersion = 10.0.40219.1
Project("{FAE04EC0-301F-11D3-BF4B-00C04F79EFBC}") = "AwsIotMqttWebSocketSigner", "AwsIotMqttWebSocketSigner\AwsIotMqttWebSocketSigner.csproj", "{5CED0F53-50C3-4787-A63B-4D53D9A0E521}"
EndProject
Project("{FAE04EC0-301F-11D3-BF4B-00C04F79EFBC}") = "AwsIotMqttWebSocketSigner.Tests", "AwsIotMqttWebSocketSigner.Tests\AwsIotMqttWebSocketSigner.Tests.csproj", "{FFA89F43-3DF3-4A3C-AB67-466639D4089E}"
EndProject
Project("{FAE04EC0-301F-11D3-BF4B-00C04F79EFBC}") = "AwsIotMqttWebSocketListener", "AwsIotMqttWebSocketListener\AwsIotMqttWebSocketListener.csproj", "{EDF12A15-6E3C-473B-9D1F-8B87F094149E}"
EndProject
Global
	GlobalSection(SolutionConfigurationPlatforms) = preSolution
		Debug|Any CPU = Debug|Any CPU
		Release|Any CPU = Release|Any CPU
	EndGlobalSection
	GlobalSection(ProjectConfigurationPlatforms) = postSolution
		{5CED0F53-50C3-4787-A63B-4D53D9A0E521}.Debug|Any CPU.ActiveCfg = Debug|Any CPU
		{5CED0F53-50C3-4787-A63B-4D53D9A0E521}.Debug|Any CPU.Build.0 = Debug|Any CPU
		{5CED0F53-50C3-4787-A63B-4D53D9A0E521}.Release|Any CPU.ActiveCfg = Release|Any CPU
		{5CED0F53-50C3-4787-A63B-4D53D9A0E521}.Release|Any CPU.Build.0 = Release|Any CPU
		{FFA89F43-3DF3-4A3C-AB67-466639D4089E}.Debug|Any CPU.ActiveCfg = Debug|Any CPU
		{FFA89F43-3DF3-4A3C-AB67-466639D4089E}.Debug|Any CPU.Build.0 = Debug|Any CPU
		{FFA89F43-3DF3-4A3C-AB67-466639D4089E}.Release|Any CPU.ActiveCfg = Release|Any CPU
		{FFA89F43-3DF3-4A3C-AB67-466639D4089E}.Release|Any CPU.Build.0 = Release|Any CPU
		{EDF12A15-6E3C-473B-9D1F-8B87F094149E}.Debug|Any CPU.ActiveCfg = Debug|Any CPU
		{EDF12A15-6E3C-473B-9D1F-8B87F094149E}.Debug|Any CPU.Build.0 = Debug|Any CPU
		{EDF12A15-6E3C-473B-9D1F-8B87F094149E}.Release|Any CPU.ActiveCfg = Release|Any CPU
		{EDF12A15-6E3C-473B-9D1F-8B87F094149E}.Release|Any CPU.Build.0 = Release|Any CPU
	EndGlobalSection
	GlobalSection(SolutionProperties) = preSolution
		HideSolutionNode = FALSE
	EndGlobalSection
	GlobalSection(ExtensibilityGlobals) = postSolution
		SolutionGuid = {A447287E-EDD6-42E4-A14F-F44810C8F093}
	EndGlobalSection
EndGlobal
